{
  "name": "example",
  "version": "1.0.0",
  "lockfileVersion": 3,
  "requires": true,
  "packages": {
    "": {
      "name": "example",
      "version": "1.0.0",
      "dependencies": {
        "cumshot-js": "file:../cumshot-js"
      }
    },
    "..": {
      "version": "1.0.0",
      "license": "MIT",
      "devDependencies": {
        "@types/node": "^20.12.12",
        "typescript": "^5.4.5"
      }
    },
    "../cumshot-js": {
      "version": "1.0.0",
      "license": "MIT",
      "devDependencies": {
        "@types/node": "^20.12.12",
        "typescript": "^5.4.5"
      }
    },
    "node_modules/cumshot-js": {
      "resolved": "../cumshot-js",
      "link": true
    }
  }
}
