{
  "name": "awesome-project",
  "version": "1.0.0",
  "lockfileVersion": 3,
  "requires": true,
  "packages": {
    "": {
      "name": "awesome-project",
      "version": "1.0.0",
      "dependencies": {
        "zyro-js": "file:../zyro-js"
      }
    },
    "../zyro-js": {},
    "node_modules/zyro-js": {
      "resolved": "../zyro-js",
      "link": true
    }
  }
}
