{
  "name": "awesome-project",
  "version": "1.0.0",
  "lockfileVersion": 3,
  "requires": true,
  "packages": {
    "": {
      "name": "awesome-project",
      "version": "1.0.0",
      "dependencies": {
        "cumshot-js": "file:../cumshot-js"
      }
    },
    "../cumshot-js": {},
    "node_modules/cumshot-js": {
      "resolved": "../cumshot-js",
      "link": true
    }
  }
}
